// !$*UTF8*$!
{
	archiveVersion = 1;
	classes = {
	};
	objectVersion = 46;
	objects = {

/* Begin PBXBuildFile section */
		A911609A19E0584800D609F3 /* AppDelegate.swift in Sources */ = {isa = PBXBuildFile; fileRef = A911609919E0584800D609F3 /* AppDelegate.swift */; };
		A911609C19E0584800D609F3 /* ViewController.swift in Sources */ = {isa = PBXBuildFile; fileRef = A911609B19E0584800D609F3 /* ViewController.swift */; };
		A911609F19E0584800D609F3 /* Main.storyboard in Resources */ = {isa = PBXBuildFile; fileRef = A911609D19E0584800D609F3 /* Main.storyboard */; };
		A91160A119E0584800D609F3 /* Images.xcassets in Resources */ = {isa = PBXBuildFile; fileRef = A91160A019E0584800D609F3 /* Images.xcassets */; };
		A91160A419E0584800D609F3 /* LaunchScreen.xib in Resources */ = {isa = PBXBuildFile; fileRef = A91160A219E0584800D609F3 /* LaunchScreen.xib */; };
		A91160B019E0584800D609F3 /* SlotMachineTests.swift in Sources */ = {isa = PBXBuildFile; fileRef = A91160AF19E0584800D609F3 /* SlotMachineTests.swift */; };
		A9EC1CDE19E481A5007AC502 /* Slots.swift in Sources */ = {isa = PBXBuildFile; fileRef = A9EC1CDD19E481A5007AC502 /* Slots.swift */; };
		A9EC1CE019E485B8007AC502 /* Factory.swift in Sources */ = {isa = PBXBuildFile; fileRef = A9EC1CDF19E485B8007AC502 /* Factory.swift */; };
/* End PBXBuildFile section */

/* Begin PBXContainerItemProxy section */
		A91160AA19E0584800D609F3 /* PBXContainerItemProxy */ = {
			isa = PBXContainerItemProxy;
			containerPortal = A911608C19E0584800D609F3 /* Project object */;
			proxyType = 1;
			remoteGlobalIDString = A911609319E0584800D609F3;
			remoteInfo = SlotMachine;
		};
/* End PBXContainerItemProxy section */

/* Begin PBXFileReference section */
		A911609419E0584800D609F3 /* SlotMachine.app */ = {isa = PBXFileReference; explicitFileType = wrapper.application; includeInIndex = 0; path = SlotMachine.app; sourceTree = BUILT_PRODUCTS_DIR; };
		A911609819E0584800D609F3 /* Info.plist */ = {isa = PBXFileReference; lastKnownFileType = text.plist.xml; path = Info.plist; sourceTree = "<group>"; };
		A911609919E0584800D609F3 /* AppDelegate.swift */ = {isa = PBXFileReference; lastKnownFileType = sourcecode.swift; path = AppDelegate.swift; sourceTree = "<group>"; };
		A911609B19E0584800D609F3 /* ViewController.swift */ = {isa = PBXFileReference; lastKnownFileType = sourcecode.swift; path = ViewController.swift; sourceTree = "<group>"; };
		A911609E19E0584800D609F3 /* Base */ = {isa = PBXFileReference; lastKnownFileType = file.storyboard; name = Base; path = Base.lproj/Main.storyboard; sourceTree = "<group>"; };
		A91160A019E0584800D609F3 /* Images.xcassets */ = {isa = PBXFileReference; lastKnownFileType = folder.assetcatalog; path = Images.xcassets; sourceTree = "<group>"; };
		A91160A319E0584800D609F3 /* Base */ = {isa = PBXFileReference; lastKnownFileType = file.xib; name = Base; path = Base.lproj/LaunchScreen.xib; sourceTree = "<group>"; };
		A91160A919E0584800D609F3 /* SlotMachineTests.xctest */ = {isa = PBXFileReference; explicitFileType = wrapper.cfbundle; includeInIndex = 0; path = SlotMachineTests.xctest; sourceTree = BUILT_PRODUCTS_DIR; };
		A91160AE19E0584800D609F3 /* Info.plist */ = {isa = PBXFileReference; lastKnownFileType = text.plist.xml; path = Info.plist; sourceTree = "<group>"; };
		A91160AF19E0584800D609F3 /* SlotMachineTests.swift */ = {isa = PBXFileReference; lastKnownFileType = sourcecode.swift; path = SlotMachineTests.swift; sourceTree = "<group>"; };
		A9EC1CDD19E481A5007AC502 /* Slots.swift */ = {isa = PBXFileReference; fileEncoding = 4; lastKnownFileType = sourcecode.swift; name = Slots.swift; path = ../Slots.swift; sourceTree = "<group>"; };
		A9EC1CDF19E485B8007AC502 /* Factory.swift */ = {isa = PBXFileReference; fileEncoding = 4; lastKnownFileType = sourcecode.swift; path = Factory.swift; sourceTree = "<group>"; };
/* End PBXFileReference section */

/* Begin PBXFrameworksBuildPhase section */
		A911609119E0584800D609F3 /* Frameworks */ = {
			isa = PBXFrameworksBuildPhase;
			buildActionMask = 2147483647;
			files = (
			);
			runOnlyForDeploymentPostprocessing = 0;
		};
		A91160A619E0584800D609F3 /* Frameworks */ = {
			isa = PBXFrameworksBuildPhase;
			buildActionMask = 2147483647;
			files = (
			);
			runOnlyForDeploymentPostprocessing = 0;
		};
/* End PBXFrameworksBuildPhase section */

/* Begin PBXGroup section */
		A911608B19E0584800D609F3 = {
			isa = PBXGroup;
			children = (
				A911609619E0584800D609F3 /* SlotMachine */,
				A91160AC19E0584800D609F3 /* SlotMachineTests */,
				A911609519E0584800D609F3 /* Products */,
			);
			sourceTree = "<group>";
		};
		A911609519E0584800D609F3 /* Products */ = {
			isa = PBXGroup;
			children = (
				A911609419E0584800D609F3 /* SlotMachine.app */,
				A91160A919E0584800D609F3 /* SlotMachineTests.xctest */,
			);
			name = Products;
			sourceTree = "<group>";
		};
		A911609619E0584800D609F3 /* SlotMachine */ = {
			isa = PBXGroup;
			children = (
				A911609919E0584800D609F3 /* AppDelegate.swift */,
				A911609B19E0584800D609F3 /* ViewController.swift */,
				A9EC1CDD19E481A5007AC502 /* Slots.swift */,
				A9EC1CDF19E485B8007AC502 /* Factory.swift */,
				A911609D19E0584800D609F3 /* Main.storyboard */,
				A91160A019E0584800D609F3 /* Images.xcassets */,
				A91160A219E0584800D609F3 /* LaunchScreen.xib */,
				A911609719E0584800D609F3 /* Supporting Files */,
			);
			path = SlotMachine;
			sourceTree = "<group>";
		};
		A911609719E0584800D609F3 /* Supporting Files */ = {
			isa = PBXGroup;
			children = (
				A911609819E0584800D609F3 /* Info.plist */,
			);
			name = "Supporting Files";
			sourceTree = "<group>";
		};
		A91160AC19E0584800D609F3 /* SlotMachineTests */ = {
			isa = PBXGroup;
			children = (
				A91160AF19E0584800D609F3 /* SlotMachineTests.swift */,
				A91160AD19E0584800D609F3 /* Supporting Files */,
			);
			path = SlotMachineTests;
			sourceTree = "<group>";
		};
		A91160AD19E0584800D609F3 /* Supporting Files */ = {
			isa = PBXGroup;
			children = (
				A91160AE19E0584800D609F3 /* Info.plist */,
			);
			name = "Supporting Files";
			sourceTree = "<group>";
		};
/* End PBXGroup section */

/* Begin PBXNativeTarget section */
		A911609319E0584800D609F3 /* SlotMachine */ = {
			isa = PBXNativeTarget;
			buildConfigurationList = A91160B319E0584800D609F3 /* Build configuration list for PBXNativeTarget "SlotMachine" */;
			buildPhases = (
				A911609019E0584800D609F3 /* Sources */,
				A911609119E0584800D609F3 /* Frameworks */,
				A911609219E0584800D609F3 /* Resources */,
			);
			buildRules = (
			);
			dependencies = (
			);
			name = SlotMachine;
			productName = SlotMachine;
			productReference = A911609419E0584800D609F3 /* SlotMachine.app */;
			productType = "com.apple.product-type.application";
		};
		A91160A819E0584800D609F3 /* SlotMachineTests */ = {
			isa = PBXNativeTarget;
			buildConfigurationList = A91160B619E0584800D609F3 /* Build configuration list for PBXNativeTarget "SlotMachineTests" */;
			buildPhases = (
				A91160A519E0584800D609F3 /* Sources */,
				A91160A619E0584800D609F3 /* Frameworks */,
				A91160A719E0584800D609F3 /* Resources */,
			);
			buildRules = (
			);
			dependencies = (
				A91160AB19E0584800D609F3 /* PBXTargetDependency */,
			);
			name = SlotMachineTests;
			productName = SlotMachineTests;
			productReference = A91160A919E0584800D609F3 /* SlotMachineTests.xctest */;
			productType = "com.apple.product-type.bundle.unit-test";
		};
/* End PBXNativeTarget section */

/* Begin PBXProject section */
		A911608C19E0584800D609F3 /* Project object */ = {
			isa = PBXProject;
			attributes = {
				LastUpgradeCheck = 0600;
				ORGANIZATIONNAME = Alphaweb;
				TargetAttributes = {
					A911609319E0584800D609F3 = {
						CreatedOnToolsVersion = 6.0.1;
					};
					A91160A819E0584800D609F3 = {
						CreatedOnToolsVersion = 6.0.1;
						TestTargetID = A911609319E0584800D609F3;
					};
				};
			};
			buildConfigurationList = A911608F19E0584800D609F3 /* Build configuration list for PBXProject "SlotMachine" */;
			compatibilityVersion = "Xcode 3.2";
			developmentRegion = English;
			hasScannedForEncodings = 0;
			knownRegions = (
				en,
				Base,
			);
			mainGroup = A911608B19E0584800D609F3;
			productRefGroup = A911609519E0584800D609F3 /* Products */;
			projectDirPath = "";
			projectRoot = "";
			targets = (
				A911609319E0584800D609F3 /* SlotMachine */,
				A91160A819E0584800D609F3 /* SlotMachineTests */,
			);
		};
/* End PBXProject section */

/* Begin PBXResourcesBuildPhase section */
		A911609219E0584800D609F3 /* Resources */ = {
			isa = PBXResourcesBuildPhase;
			buildActionMask = 2147483647;
			files = (
				A911609F19E0584800D609F3 /* Main.storyboard in Resources */,
				A91160A419E0584800D609F3 /* LaunchScreen.xib in Resources */,
				A91160A119E0584800D609F3 /* Images.xcassets in Resources */,
			);
			runOnlyForDeploymentPostprocessing = 0;
		};
		A91160A719E0584800D609F3 /* Resources */ = {
			isa = PBXResourcesBuildPhase;
			buildActionMask = 2147483647;
			files = (
			);
			runOnlyForDeploymentPostprocessing = 0;
		};
/* End PBXResourcesBuildPhase section */

/* Begin PBXSourcesBuildPhase section */
		A911609019E0584800D609F3 /* Sources */ = {
			isa = PBXSourcesBuildPhase;
			buildActionMask = 2147483647;
			files = (
				A9EC1CE019E485B8007AC502 /* Factory.swift in Sources */,
				A9EC1CDE19E481A5007AC502 /* Slots.swift in Sources */,
				A911609C19E0584800D609F3 /* ViewController.swift in Sources */,
				A911609A19E0584800D609F3 /* AppDelegate.swift in Sources */,
			);
			runOnlyForDeploymentPostprocessing = 0;
		};
		A91160A519E0584800D609F3 /* Sources */ = {
			isa = PBXSourcesBuildPhase;
			buildActionMask = 2147483647;
			files = (
				A91160B019E0584800D609F3 /* SlotMachineTests.swift in Sources */,
			);
			runOnlyForDeploymentPostprocessing = 0;
		};
/* End PBXSourcesBuildPhase section */

/* Begin PBXTargetDependency section */
		A91160AB19E0584800D609F3 /* PBXTargetDependency */ = {
			isa = PBXTargetDependency;
			target = A911609319E0584800D609F3 /* SlotMachine */;
			targetProxy = A91160AA19E0584800D609F3 /* PBXContainerItemProxy */;
		};
/* End PBXTargetDependency section */

/* Begin PBXVariantGroup section */
		A911609D19E0584800D609F3 /* Main.storyboard */ = {
			isa = PBXVariantGroup;
			children = (
				A911609E19E0584800D609F3 /* Base */,
			);
			name = Main.storyboard;
			sourceTree = "<group>";
		};
		A91160A219E0584800D609F3 /* LaunchScreen.xib */ = {
			isa = PBXVariantGroup;
			children = (
				A91160A319E0584800D609F3 /* Base */,
			);
			name = LaunchScreen.xib;
			sourceTree = "<group>";
		};
/* End PBXVariantGroup section */

/* Begin XCBuildConfiguration section */
		A91160B119E0584800D609F3 /* Debug */ = {
			isa = XCBuildConfiguration;
			buildSettings = {
				ALWAYS_SEARCH_USER_PATHS = NO;
				CLANG_CXX_LANGUAGE_STANDARD = "gnu++0x";
				CLANG_CXX_LIBRARY = "libc++";
				CLANG_ENABLE_MODULES = YES;
				CLANG_ENABLE_OBJC_ARC = YES;
				CLANG_WARN_BOOL_CONVERSION = YES;
				CLANG_WARN_CONSTANT_CONVERSION = YES;
				CLANG_WARN_DIRECT_OBJC_ISA_USAGE = YES_ERROR;
				CLANG_WARN_EMPTY_BODY = YES;
				CLANG_WARN_ENUM_CONVERSION = YES;
				CLANG_WARN_INT_CONVERSION = YES;
				CLANG_WARN_OBJC_ROOT_CLASS = YES_ERROR;
				CLANG_WARN_UNREACHABLE_CODE = YES;
				CLANG_WARN__DUPLICATE_METHOD_MATCH = YES;
				"CODE_SIGN_IDENTITY[sdk=iphoneos*]" = "iPhone Developer";
				COPY_PHASE_STRIP = NO;
				ENABLE_STRICT_OBJC_MSGSEND = YES;
				GCC_C_LANGUAGE_STANDARD = gnu99;
				GCC_DYNAMIC_NO_PIC = NO;
				GCC_OPTIMIZATION_LEVEL = 0;
				GCC_PREPROCESSOR_DEFINITIONS = (
					"DEBUG=1",
					"$(inherited)",
				);
				GCC_SYMBOLS_PRIVATE_EXTERN = NO;
				GCC_WARN_64_TO_32_BIT_CONVERSION = YES;
				GCC_WARN_ABOUT_RETURN_TYPE = YES_ERROR;
				GCC_WARN_UNDECLARED_SELECTOR = YES;
				GCC_WARN_UNINITIALIZED_AUTOS = YES_AGGRESSIVE;
				GCC_WARN_UNUSED_FUNCTION = YES;
				GCC_WARN_UNUSED_VARIABLE = YES;
				IPHONEOS_DEPLOYMENT_TARGET = 8.0;
				MTL_ENABLE_DEBUG_INFO = YES;
				ONLY_ACTIVE_ARCH = YES;
				SDKROOT = iphoneos;
				SWIFT_OPTIMIZATION_LEVEL = "-Onone";
				TARGETED_DEVICE_FAMILY = "1,2";
			};
			name = Debug;
		};
		A91160B219E0584800D609F3 /* Release */ = {
			isa = XCBuildConfiguration;
			buildSettings = {
				ALWAYS_SEARCH_USER_PATHS = NO;
				CLANG_CXX_LANGUAGE_STANDARD = "gnu++0x";
				CLANG_CXX_LIBRARY = "libc++";
				CLANG_ENABLE_MODULES = YES;
				CLANG_ENABLE_OBJC_ARC = YES;
				CLANG_WARN_BOOL_CONVERSION = YES;
				CLANG_WARN_CONSTANT_CONVERSION = YES;
				CLANG_WARN_DIRECT_OBJC_ISA_USAGE = YES_ERROR;
				CLANG_WARN_EMPTY_BODY = YES;
				CLANG_WARN_ENUM_CONVERSION = YES;
				CLANG_WARN_INT_CONVERSION = YES;
				CLANG_WARN_OBJC_ROOT_CLASS = YES_ERROR;
				CLANG_WARN_UNREACHABLE_CODE = YES;
				CLANG_WARN__DUPLICATE_METHOD_MATCH = YES;
				"CODE_SIGN_IDENTITY[sdk=iphoneos*]" = "iPhone Developer";
				COPY_PHASE_STRIP = YES;
				ENABLE_NS_ASSERTIONS = NO;
				ENABLE_STRICT_OBJC_MSGSEND = YES;
				GCC_C_LANGUAGE_STANDARD = gnu99;
				GCC_WARN_64_TO_32_BIT_CONVERSION = YES;
				GCC_WARN_ABOUT_RETURN_TYPE = YES_ERROR;
				GCC_WARN_UNDECLARED_SELECTOR = YES;
				GCC_WARN_UNINITIALIZED_AUTOS = YES_AGGRESSIVE;
				GCC_WARN_UNUSED_FUNCTION = YES;
				GCC_WARN_UNUSED_VARIABLE = YES;
				IPHONEOS_DEPLOYMENT_TARGET = 8.0;
				MTL_ENABLE_DEBUG_INFO = NO;
				SDKROOT = iphoneos;
				TARGETED_DEVICE_FAMILY = "1,2";
				VALIDATE_PRODUCT = YES;
			};
			name = Release;
		};
		A91160B419E0584800D609F3 /* Debug */ = {
			isa = XCBuildConfiguration;
			buildSettings = {
				ASSETCATALOG_COMPILER_APPICON_NAME = AppIcon;
				INFOPLIST_FILE = SlotMachine/Info.plist;
				LD_RUNPATH_SEARCH_PATHS = "$(inherited) @executable_path/Frameworks";
				PRODUCT_NAME = "$(TARGET_NAME)";
			};
			name = Debug;
		};
		A91160B519E0584800D609F3 /* Release */ = {
			isa = XCBuildConfiguration;
			buildSettings = {
				ASSETCATALOG_COMPILER_APPICON_NAME = AppIcon;
				INFOPLIST_FILE = SlotMachine/Info.plist;
				LD_RUNPATH_SEARCH_PATHS = "$(inherited) @executable_path/Frameworks";
				PRODUCT_NAME = "$(TARGET_NAME)";
			};
			name = Release;
		};
		A91160B719E0584800D609F3 /* Debug */ = {
			isa = XCBuildConfiguration;
			buildSettings = {
				BUNDLE_LOADER = "$(TEST_HOST)";
				FRAMEWORK_SEARCH_PATHS = (
					"$(SDKROOT)/Developer/Library/Frameworks",
					"$(inherited)",
				);
				GCC_PREPROCESSOR_DEFINITIONS = (
					"DEBUG=1",
					"$(inherited)",
				);
				INFOPLIST_FILE = SlotMachineTests/Info.plist;
				LD_RUNPATH_SEARCH_PATHS = "$(inherited) @executable_path/Frameworks @loader_path/Frameworks";
				PRODUCT_NAME = "$(TARGET_NAME)";
				TEST_HOST = "$(BUILT_PRODUCTS_DIR)/SlotMachine.app/SlotMachine";
			};
			name = Debug;
		};
		A91160B819E0584800D609F3 /* Release */ = {
			isa = XCBuildConfiguration;
			buildSettings = {
				BUNDLE_LOADER = "$(TEST_HOST)";
				FRAMEWORK_SEARCH_PATHS = (
					"$(SDKROOT)/Developer/Library/Frameworks",
					"$(inherited)",
				);
				INFOPLIST_FILE = SlotMachineTests/Info.plist;
				LD_RUNPATH_SEARCH_PATHS = "$(inherited) @executable_path/Frameworks @loader_path/Frameworks";
				PRODUCT_NAME = "$(TARGET_NAME)";
				TEST_HOST = "$(BUILT_PRODUCTS_DIR)/SlotMachine.app/SlotMachine";
			};
			name = Release;
		};
/* End XCBuildConfiguration section */

/* Begin XCConfigurationList section */
		A911608F19E0584800D609F3 /* Build configuration list for PBXProject "SlotMachine" */ = {
			isa = XCConfigurationList;
			buildConfigurations = (
				A91160B119E0584800D609F3 /* Debug */,
				A91160B219E0584800D609F3 /* Release */,
			);
			defaultConfigurationIsVisible = 0;
			defaultConfigurationName = Release;
		};
		A91160B319E0584800D609F3 /* Build configuration list for PBXNativeTarget "SlotMachine" */ = {
			isa = XCConfigurationList;
			buildConfigurations = (
				A91160B419E0584800D609F3 /* Debug */,
				A91160B519E0584800D609F3 /* Release */,
			);
			defaultConfigurationIsVisible = 0;
			defaultConfigurationName = Release;
		};
		A91160B619E0584800D609F3 /* Build configuration list for PBXNativeTarget "SlotMachineTests" */ = {
			isa = XCConfigurationList;
			buildConfigurations = (
				A91160B719E0584800D609F3 /* Debug */,
				A91160B819E0584800D609F3 /* Release */,
			);
			defaultConfigurationIsVisible = 0;
			defaultConfigurationName = Release;
		};
/* End XCConfigurationList section */
	};
	rootObject = A911608C19E0584800D609F3 /* Project object */;
}
